
Microsoft Visual Studio Solution File, Format Version 12.00
# Visual Studio Version 17
VisualStudioVersion = 17.3.32825.248
MinimumVisualStudioVersion = 10.0.40219.1
Project("{FAE04EC0-301F-11D3-BF4B-00C04F79EFBC}") = "MySiteWebMVC", "MySiteWebMVC\MySiteWebMVC.csproj", "{7AD2582D-48CC-461B-A797-60789EF48203}"
EndProject
Global
	GlobalSection(SolutionConfigurationPlatforms) = preSolution
		Debug|Any CPU = Debug|Any CPU
		Release|Any CPU = Release|Any CPU
	EndGlobalSection
	GlobalSection(ProjectConfigurationPlatforms) = postSolution
		{7AD2582D-48CC-461B-A797-60789EF48203}.Debug|Any CPU.ActiveCfg = Debug|Any CPU
		{7AD2582D-48CC-461B-A797-60789EF48203}.Debug|Any CPU.Build.0 = Debug|Any CPU
		{7AD2582D-48CC-461B-A797-60789EF48203}.Release|Any CPU.ActiveCfg = Release|Any CPU
		{7AD2582D-48CC-461B-A797-60789EF48203}.Release|Any CPU.Build.0 = Release|Any CPU
	EndGlobalSection
	GlobalSection(SolutionProperties) = preSolution
		HideSolutionNode = FALSE
	EndGlobalSection
	GlobalSection(ExtensibilityGlobals) = postSolution
		SolutionGuid = {4DA47715-530D-42A5-A048-B4838204B97B}
	EndGlobalSection
EndGlobal
